
Microsoft Visual Studio Solution File, Format Version 12.00
# Visual Studio Version 17
VisualStudioVersion = 17.2.32630.192
MinimumVisualStudioVersion = 10.0.40219.1
Project("{FAE04EC0-301F-11D3-BF4B-00C04F79EFBC}") = "DemoWebAPIProject", "DemoWebAPIProject\DemoWebAPIProject.csproj", "{6343B265-B906-47F7-BD95-566148D0ED1A}"
EndProject
Global
	GlobalSection(SolutionConfigurationPlatforms) = preSolution
		Debug|Any CPU = Debug|Any CPU
		Release|Any CPU = Release|Any CPU
	EndGlobalSection
	GlobalSection(ProjectConfigurationPlatforms) = postSolution
		{6343B265-B906-47F7-BD95-566148D0ED1A}.Debug|Any CPU.ActiveCfg = Debug|Any CPU
		{6343B265-B906-47F7-BD95-566148D0ED1A}.Debug|Any CPU.Build.0 = Debug|Any CPU
		{6343B265-B906-47F7-BD95-566148D0ED1A}.Release|Any CPU.ActiveCfg = Release|Any CPU
		{6343B265-B906-47F7-BD95-566148D0ED1A}.Release|Any CPU.Build.0 = Release|Any CPU
	EndGlobalSection
	GlobalSection(SolutionProperties) = preSolution
		HideSolutionNode = FALSE
	EndGlobalSection
	GlobalSection(ExtensibilityGlobals) = postSolution
		SolutionGuid = {29F78A42-28A3-4DD0-A740-DD98FB720FC5}
	EndGlobalSection
EndGlobal
